
Microsoft Visual Studio Solution File, Format Version 12.00
# Visual Studio Version 17
VisualStudioVersion = 17.9.34622.214
MinimumVisualStudioVersion = 10.0.40219.1
Project("{FAE04EC0-301F-11D3-BF4B-00C04F79EFBC}") = "ConnectingTables", "ConnectingTables\ConnectingTables.csproj", "{4EFC416F-14B1-4E01-86D1-EF543C6FAADF}"
EndProject
Global
	GlobalSection(SolutionConfigurationPlatforms) = preSolution
		Debug|Any CPU = Debug|Any CPU
		Release|Any CPU = Release|Any CPU
	EndGlobalSection
	GlobalSection(ProjectConfigurationPlatforms) = postSolution
		{4EFC416F-14B1-4E01-86D1-EF543C6FAADF}.Debug|Any CPU.ActiveCfg = Debug|Any CPU
		{4EFC416F-14B1-4E01-86D1-EF543C6FAADF}.Debug|Any CPU.Build.0 = Debug|Any CPU
		{4EFC416F-14B1-4E01-86D1-EF543C6FAADF}.Release|Any CPU.ActiveCfg = Release|Any CPU
		{4EFC416F-14B1-4E01-86D1-EF543C6FAADF}.Release|Any CPU.Build.0 = Release|Any CPU
	EndGlobalSection
	GlobalSection(SolutionProperties) = preSolution
		HideSolutionNode = FALSE
	EndGlobalSection
	GlobalSection(ExtensibilityGlobals) = postSolution
		SolutionGuid = {6AECEFBA-2AE1-4452-9B38-576AFFC970F2}
	EndGlobalSection
EndGlobal
